# This file is automatically @generated by Cargo.
# It is not intended for manual editing.
version = 3

[[package]]
name = "bootloader_api"
version = "0.11.0"
source = "registry+https://github.com/rust-lang/crates.io-index"
checksum = "babfb07dea4565842980315ad530a023aa348db43d03dfa104a70fdaca97d48e"

[[package]]
name = "kernel"
version = "0.1.0"
dependencies = [
 "bootloader_api",
]
